// !$*UTF8*$!
{
	archiveVersion = 1;
	classes = {
	};
	objectVersion = 46;
	objects = {

/* Begin PBXBuildFile section */
		B43A08E716A4AA1E00E29718 /* widerstand 2.png in Resources */ = {isa = PBXBuildFile; fileRef = B43A08E616A4AA1E00E29718 /* widerstand 2.png */; };
		B457DF761631444700011C67 /* cms-1.gif in Resources */ = {isa = PBXBuildFile; fileRef = B457DF751631444700011C67 /* cms-1.gif */; };
		B47DBDFF15FDC673006EBC87 /* iAd.framework in Frameworks */ = {isa = PBXBuildFile; fileRef = B47DBDFE15FDC673006EBC87 /* iAd.framework */; };
		B48F2F1E15F9D55200F6F7A5 /* UIKit.framework in Frameworks */ = {isa = PBXBuildFile; fileRef = B48F2F1D15F9D55200F6F7A5 /* UIKit.framework */; };
		B48F2F2015F9D55200F6F7A5 /* Foundation.framework in Frameworks */ = {isa = PBXBuildFile; fileRef = B48F2F1F15F9D55200F6F7A5 /* Foundation.framework */; };
		B48F2F2215F9D55200F6F7A5 /* CoreGraphics.framework in Frameworks */ = {isa = PBXBuildFile; fileRef = B48F2F2115F9D55200F6F7A5 /* CoreGraphics.framework */; };
		B48F2F2815F9D55200F6F7A5 /* InfoPlist.strings in Resources */ = {isa = PBXBuildFile; fileRef = B48F2F2615F9D55200F6F7A5 /* InfoPlist.strings */; };
		B48F2F2A15F9D55200F6F7A5 /* main.m in Sources */ = {isa = PBXBuildFile; fileRef = B48F2F2915F9D55200F6F7A5 /* main.m */; };
		B48F2F2E15F9D55200F6F7A5 /* AppDelegate.m in Sources */ = {isa = PBXBuildFile; fileRef = B48F2F2D15F9D55200F6F7A5 /* AppDelegate.m */; };
		B48F2F3115F9D55200F6F7A5 /* MainStoryboard_iPhone.storyboard in Resources */ = {isa = PBXBuildFile; fileRef = B48F2F2F15F9D55200F6F7A5 /* MainStoryboard_iPhone.storyboard */; };
		B48F2F3415F9D55200F6F7A5 /* MainStoryboard_iPad.storyboard in Resources */ = {isa = PBXBuildFile; fileRef = B48F2F3215F9D55200F6F7A5 /* MainStoryboard_iPad.storyboard */; };
		B48F2F5515FA02B300F6F7A5 /* widerstand.png in Resources */ = {isa = PBXBuildFile; fileRef = B48F2F5415FA02B300F6F7A5 /* widerstand.png */; };
		B4B6DB8D15FF9E16009C5E14 /* CoreMedia.framework in Frameworks */ = {isa = PBXBuildFile; fileRef = B4B6DB8B15FF9E16009C5E14 /* CoreMedia.framework */; };
		B4B6DB8E15FF9E16009C5E14 /* CoreVideo.framework in Frameworks */ = {isa = PBXBuildFile; fileRef = B4B6DB8C15FF9E16009C5E14 /* CoreVideo.framework */; };
		B4B6DB9115FF9E21009C5E14 /* AVFoundation.framework in Frameworks */ = {isa = PBXBuildFile; fileRef = B4B6DB9015FF9E21009C5E14 /* AVFoundation.framework */; };
		B4B6DB9315FF9E26009C5E14 /* ImageIO.framework in Frameworks */ = {isa = PBXBuildFile; fileRef = B4B6DB9215FF9E26009C5E14 /* ImageIO.framework */; };
		B4B6DB9515FF9E31009C5E14 /* QuartzCore.framework in Frameworks */ = {isa = PBXBuildFile; fileRef = B4B6DB9415FF9E31009C5E14 /* QuartzCore.framework */; };
		B4BA67A21628265F00AE4948 /* Icon.png in Resources */ = {isa = PBXBuildFile; fileRef = B4BA67A11628265F00AE4948 /* Icon.png */; };
		B4BA67A51628266B00AE4948 /* Icon@2x.png in Resources */ = {isa = PBXBuildFile; fileRef = B4BA67A41628266B00AE4948 /* Icon@2x.png */; };
		B4BA67A71628268200AE4948 /* Icon-72.png in Resources */ = {isa = PBXBuildFile; fileRef = B4BA67A61628268200AE4948 /* Icon-72.png */; };
		B4BA67A91628268400AE4948 /* Icon-72@2x.png in Resources */ = {isa = PBXBuildFile; fileRef = B4BA67A81628268400AE4948 /* Icon-72@2x.png */; };
		B4BA67AB1628273900AE4948 /* Default.png in Resources */ = {isa = PBXBuildFile; fileRef = B4BA67AA1628273900AE4948 /* Default.png */; };
		B4BA67AD1628275700AE4948 /* Default@2x.png in Resources */ = {isa = PBXBuildFile; fileRef = B4BA67AC1628275700AE4948 /* Default@2x.png */; };
		B4BA67AF1628279F00AE4948 /* Default-Landscape~ipad.png in Resources */ = {isa = PBXBuildFile; fileRef = B4BA67AE1628279F00AE4948 /* Default-Landscape~ipad.png */; };
		B4BA67B1162827B300AE4948 /* Default-Portrait~ipad.png in Resources */ = {isa = PBXBuildFile; fileRef = B4BA67B0162827B300AE4948 /* Default-Portrait~ipad.png */; };
		B4BA67B3162827BB00AE4948 /* Default-Landscape@2x~ipad.png in Resources */ = {isa = PBXBuildFile; fileRef = B4BA67B2162827BB00AE4948 /* Default-Landscape@2x~ipad.png */; };
		B4BA67B5162827C600AE4948 /* Default-Portrait@2x~ipad.png in Resources */ = {isa = PBXBuildFile; fileRef = B4BA67B4162827C600AE4948 /* Default-Portrait@2x~ipad.png */; };
		B4BA67B9162828A200AE4948 /* Default-568h@2x.png in Resources */ = {isa = PBXBuildFile; fileRef = B4BA67B8162828A200AE4948 /* Default-568h@2x.png */; };
		B4D9C43415FA3A1800448A28 /* README.md in Resources */ = {isa = PBXBuildFile; fileRef = B4D9C43315FA3A1800448A28 /* README.md */; };
		B4F081651627EAAE001E884B /* ThirdViewController.m in Sources */ = {isa = PBXBuildFile; fileRef = B4F081641627EAAE001E884B /* ThirdViewController.m */; };
		B4F0816A1627ED7E001E884B /* Localizable.strings in Resources */ = {isa = PBXBuildFile; fileRef = B4F0816C1627ED7E001E884B /* Localizable.strings */; };
/* End PBXBuildFile section */

/* Begin PBXFileReference section */
		40601EF815F9DAEA000C848D /* ThirdViewController.h */ = {isa = PBXFileReference; fileEncoding = 4; lastKnownFileType = sourcecode.c.h; path = ThirdViewController.h; sourceTree = "<group>"; };
		B43A08E616A4AA1E00E29718 /* widerstand 2.png */ = {isa = PBXFileReference; lastKnownFileType = image.png; path = "widerstand 2.png"; sourceTree = "<group>"; };
		B457DF751631444700011C67 /* cms-1.gif */ = {isa = PBXFileReference; lastKnownFileType = image.gif; path = "cms-1.gif"; sourceTree = "<group>"; };
		B47DBDFE15FDC673006EBC87 /* iAd.framework */ = {isa = PBXFileReference; lastKnownFileType = wrapper.framework; name = iAd.framework; path = System/Library/Frameworks/iAd.framework; sourceTree = SDKROOT; };
		B48F2F1915F9D55200F6F7A5 /* WiderstandRechner.app */ = {isa = PBXFileReference; explicitFileType = wrapper.application; includeInIndex = 0; path = WiderstandRechner.app; sourceTree = BUILT_PRODUCTS_DIR; };
		B48F2F1D15F9D55200F6F7A5 /* UIKit.framework */ = {isa = PBXFileReference; lastKnownFileType = wrapper.framework; name = UIKit.framework; path = System/Library/Frameworks/UIKit.framework; sourceTree = SDKROOT; };
		B48F2F1F15F9D55200F6F7A5 /* Foundation.framework */ = {isa = PBXFileReference; lastKnownFileType = wrapper.framework; name = Foundation.framework; path = System/Library/Frameworks/Foundation.framework; sourceTree = SDKROOT; };
		B48F2F2115F9D55200F6F7A5 /* CoreGraphics.framework */ = {isa = PBXFileReference; lastKnownFileType = wrapper.framework; name = CoreGraphics.framework; path = System/Library/Frameworks/CoreGraphics.framework; sourceTree = SDKROOT; };
		B48F2F2515F9D55200F6F7A5 /* WiderstandRechner-Info.plist */ = {isa = PBXFileReference; lastKnownFileType = text.plist.xml; path = "WiderstandRechner-Info.plist"; sourceTree = "<group>"; };
		B48F2F2715F9D55200F6F7A5 /* en */ = {isa = PBXFileReference; lastKnownFileType = text.plist.strings; name = en; path = en.lproj/InfoPlist.strings; sourceTree = "<group>"; };
		B48F2F2915F9D55200F6F7A5 /* main.m */ = {isa = PBXFileReference; lastKnownFileType = sourcecode.c.objc; path = main.m; sourceTree = "<group>"; };
		B48F2F2B15F9D55200F6F7A5 /* WiderstandRechner-Prefix.pch */ = {isa = PBXFileReference; lastKnownFileType = sourcecode.c.h; path = "WiderstandRechner-Prefix.pch"; sourceTree = "<group>"; };
		B48F2F2C15F9D55200F6F7A5 /* AppDelegate.h */ = {isa = PBXFileReference; lastKnownFileType = sourcecode.c.h; path = AppDelegate.h; sourceTree = "<group>"; };
		B48F2F2D15F9D55200F6F7A5 /* AppDelegate.m */ = {isa = PBXFileReference; lastKnownFileType = sourcecode.c.objc; path = AppDelegate.m; sourceTree = "<group>"; };
		B48F2F3015F9D55200F6F7A5 /* en */ = {isa = PBXFileReference; lastKnownFileType = file.storyboard; name = en; path = en.lproj/MainStoryboard_iPhone.storyboard; sourceTree = "<group>"; };
		B48F2F3315F9D55200F6F7A5 /* en */ = {isa = PBXFileReference; lastKnownFileType = file.storyboard; name = en; path = en.lproj/MainStoryboard_iPad.storyboard; sourceTree = "<group>"; };
		B48F2F5415FA02B300F6F7A5 /* widerstand.png */ = {isa = PBXFileReference; lastKnownFileType = image.png; path = widerstand.png; sourceTree = "<group>"; };
		B4B6DB8B15FF9E16009C5E14 /* CoreMedia.framework */ = {isa = PBXFileReference; lastKnownFileType = wrapper.framework; name = CoreMedia.framework; path = System/Library/Frameworks/CoreMedia.framework; sourceTree = SDKROOT; };
		B4B6DB8C15FF9E16009C5E14 /* CoreVideo.framework */ = {isa = PBXFileReference; lastKnownFileType = wrapper.framework; name = CoreVideo.framework; path = System/Library/Frameworks/CoreVideo.framework; sourceTree = SDKROOT; };
		B4B6DB9015FF9E21009C5E14 /* AVFoundation.framework */ = {isa = PBXFileReference; lastKnownFileType = wrapper.framework; name = AVFoundation.framework; path = System/Library/Frameworks/AVFoundation.framework; sourceTree = SDKROOT; };
		B4B6DB9215FF9E26009C5E14 /* ImageIO.framework */ = {isa = PBXFileReference; lastKnownFileType = wrapper.framework; name = ImageIO.framework; path = System/Library/Frameworks/ImageIO.framework; sourceTree = SDKROOT; };
		B4B6DB9415FF9E31009C5E14 /* QuartzCore.framework */ = {isa = PBXFileReference; lastKnownFileType = wrapper.framework; name = QuartzCore.framework; path = System/Library/Frameworks/QuartzCore.framework; sourceTree = SDKROOT; };
		B4BA67A11628265F00AE4948 /* Icon.png */ = {isa = PBXFileReference; lastKnownFileType = image.png; name = Icon.png; path = ../Icon.png; sourceTree = "<group>"; };
		B4BA67A41628266B00AE4948 /* Icon@2x.png */ = {isa = PBXFileReference; lastKnownFileType = image.png; name = "Icon@2x.png"; path = "../Icon@2x.png"; sourceTree = "<group>"; };
		B4BA67A61628268200AE4948 /* Icon-72.png */ = {isa = PBXFileReference; lastKnownFileType = image.png; name = "Icon-72.png"; path = "../Icon-72.png"; sourceTree = "<group>"; };
		B4BA67A81628268400AE4948 /* Icon-72@2x.png */ = {isa = PBXFileReference; lastKnownFileType = image.png; name = "Icon-72@2x.png"; path = "../Icon-72@2x.png"; sourceTree = "<group>"; };
		B4BA67AA1628273900AE4948 /* Default.png */ = {isa = PBXFileReference; lastKnownFileType = image.png; name = Default.png; path = ../Default.png; sourceTree = "<group>"; };
		B4BA67AC1628275700AE4948 /* Default@2x.png */ = {isa = PBXFileReference; lastKnownFileType = image.png; name = "Default@2x.png"; path = "../Default@2x.png"; sourceTree = "<group>"; };
		B4BA67AE1628279F00AE4948 /* Default-Landscape~ipad.png */ = {isa = PBXFileReference; lastKnownFileType = image.png; name = "Default-Landscape~ipad.png"; path = "../Default-Landscape~ipad.png"; sourceTree = "<group>"; };
		B4BA67B0162827B300AE4948 /* Default-Portrait~ipad.png */ = {isa = PBXFileReference; lastKnownFileType = image.png; name = "Default-Portrait~ipad.png"; path = "../Default-Portrait~ipad.png"; sourceTree = "<group>"; };
		B4BA67B2162827BB00AE4948 /* Default-Landscape@2x~ipad.png */ = {isa = PBXFileReference; lastKnownFileType = image.png; name = "Default-Landscape@2x~ipad.png"; path = "../Default-Landscape@2x~ipad.png"; sourceTree = "<group>"; };
		B4BA67B4162827C600AE4948 /* Default-Portrait@2x~ipad.png */ = {isa = PBXFileReference; lastKnownFileType = image.png; name = "Default-Portrait@2x~ipad.png"; path = "../Default-Portrait@2x~ipad.png"; sourceTree = "<group>"; };
		B4BA67B8162828A200AE4948 /* Default-568h@2x.png */ = {isa = PBXFileReference; lastKnownFileType = image.png; name = "Default-568h@2x.png"; path = "../Default-568h@2x.png"; sourceTree = "<group>"; };
		B4D9C43315FA3A1800448A28 /* README.md */ = {isa = PBXFileReference; fileEncoding = 4; lastKnownFileType = text; path = README.md; sourceTree = "<group>"; };
		B4EF370E162739E500C13A9E /* de */ = {isa = PBXFileReference; lastKnownFileType = file.storyboard; name = de; path = de.lproj/MainStoryboard_iPhone.storyboard; sourceTree = "<group>"; };
		B4EF370F162739E500C13A9E /* de */ = {isa = PBXFileReference; lastKnownFileType = file.storyboard; name = de; path = de.lproj/MainStoryboard_iPad.storyboard; sourceTree = "<group>"; };
		B4EF3710162739E500C13A9E /* de */ = {isa = PBXFileReference; lastKnownFileType = text.plist.strings; name = de; path = de.lproj/InfoPlist.strings; sourceTree = "<group>"; };
		B4F081641627EAAE001E884B /* ThirdViewController.m */ = {isa = PBXFileReference; fileEncoding = 4; lastKnownFileType = sourcecode.c.objc; path = ThirdViewController.m; sourceTree = "<group>"; };
		B4F0816B1627ED7E001E884B /* de */ = {isa = PBXFileReference; lastKnownFileType = text.plist.strings; name = de; path = de.lproj/Localizable.strings; sourceTree = "<group>"; };
		B4F0816D1627ED82001E884B /* en */ = {isa = PBXFileReference; lastKnownFileType = text.plist.strings; name = en; path = en.lproj/Localizable.strings; sourceTree = "<group>"; };
/* End PBXFileReference section */

/* Begin PBXFrameworksBuildPhase section */
		B48F2F1615F9D55200F6F7A5 /* Frameworks */ = {
			isa = PBXFrameworksBuildPhase;
			buildActionMask = 2147483647;
			files = (
				B4B6DB9515FF9E31009C5E14 /* QuartzCore.framework in Frameworks */,
				B4B6DB9315FF9E26009C5E14 /* ImageIO.framework in Frameworks */,
				B4B6DB9115FF9E21009C5E14 /* AVFoundation.framework in Frameworks */,
				B4B6DB8D15FF9E16009C5E14 /* CoreMedia.framework in Frameworks */,
				B4B6DB8E15FF9E16009C5E14 /* CoreVideo.framework in Frameworks */,
				B47DBDFF15FDC673006EBC87 /* iAd.framework in Frameworks */,
				B48F2F1E15F9D55200F6F7A5 /* UIKit.framework in Frameworks */,
				B48F2F2015F9D55200F6F7A5 /* Foundation.framework in Frameworks */,
				B48F2F2215F9D55200F6F7A5 /* CoreGraphics.framework in Frameworks */,
			);
			runOnlyForDeploymentPostprocessing = 0;
		};
/* End PBXFrameworksBuildPhase section */

/* Begin PBXGroup section */
		B48F2F0E15F9D55200F6F7A5 = {
			isa = PBXGroup;
			children = (
				B48F2F2315F9D55200F6F7A5 /* WiderstandScannerGit */,
				B48F2F1C15F9D55200F6F7A5 /* Frameworks */,
				B48F2F1A15F9D55200F6F7A5 /* Products */,
				B4D9C43315FA3A1800448A28 /* README.md */,
			);
			sourceTree = "<group>";
		};
		B48F2F1A15F9D55200F6F7A5 /* Products */ = {
			isa = PBXGroup;
			children = (
				B48F2F1915F9D55200F6F7A5 /* WiderstandRechner.app */,
			);
			name = Products;
			sourceTree = "<group>";
		};
		B48F2F1C15F9D55200F6F7A5 /* Frameworks */ = {
			isa = PBXGroup;
			children = (
				B4B6DB9415FF9E31009C5E14 /* QuartzCore.framework */,
				B4B6DB9215FF9E26009C5E14 /* ImageIO.framework */,
				B4B6DB9015FF9E21009C5E14 /* AVFoundation.framework */,
				B4B6DB8B15FF9E16009C5E14 /* CoreMedia.framework */,
				B4B6DB8C15FF9E16009C5E14 /* CoreVideo.framework */,
				B47DBDFE15FDC673006EBC87 /* iAd.framework */,
				B48F2F1D15F9D55200F6F7A5 /* UIKit.framework */,
				B48F2F1F15F9D55200F6F7A5 /* Foundation.framework */,
				B48F2F2115F9D55200F6F7A5 /* CoreGraphics.framework */,
			);
			name = Frameworks;
			sourceTree = "<group>";
		};
		B48F2F2315F9D55200F6F7A5 /* WiderstandScannerGit */ = {
			isa = PBXGroup;
			children = (
				B4BA67B7162827E700AE4948 /* Launchimages */,
				B4BA67B6162827D400AE4948 /* Icons */,
				B48F2F5215F9DC7C00F6F7A5 /* Eingabe */,
				B48F2F2C15F9D55200F6F7A5 /* AppDelegate.h */,
				B48F2F2D15F9D55200F6F7A5 /* AppDelegate.m */,
				B457DF751631444700011C67 /* cms-1.gif */,
				B48F2F2F15F9D55200F6F7A5 /* MainStoryboard_iPhone.storyboard */,
				B48F2F3215F9D55200F6F7A5 /* MainStoryboard_iPad.storyboard */,
				B48F2F2415F9D55200F6F7A5 /* Supporting Files */,
				B4F0816C1627ED7E001E884B /* Localizable.strings */,
			);
			path = WiderstandScannerGit;
			sourceTree = "<group>";
		};
		B48F2F2415F9D55200F6F7A5 /* Supporting Files */ = {
			isa = PBXGroup;
			children = (
				B48F2F2515F9D55200F6F7A5 /* WiderstandRechner-Info.plist */,
				B48F2F2615F9D55200F6F7A5 /* InfoPlist.strings */,
				B48F2F2915F9D55200F6F7A5 /* main.m */,
				B48F2F2B15F9D55200F6F7A5 /* WiderstandRechner-Prefix.pch */,
			);
			name = "Supporting Files";
			sourceTree = "<group>";
		};
		B48F2F5215F9DC7C00F6F7A5 /* Eingabe */ = {
			isa = PBXGroup;
			children = (
				40601EF815F9DAEA000C848D /* ThirdViewController.h */,
				B4F081641627EAAE001E884B /* ThirdViewController.m */,
				B43A08E616A4AA1E00E29718 /* widerstand 2.png */,
				B48F2F5415FA02B300F6F7A5 /* widerstand.png */,
			);
			name = Eingabe;
			sourceTree = "<group>";
		};
		B4BA67B6162827D400AE4948 /* Icons */ = {
			isa = PBXGroup;
			children = (
				B4BA67A81628268400AE4948 /* Icon-72@2x.png */,
				B4BA67A61628268200AE4948 /* Icon-72.png */,
				B4BA67A41628266B00AE4948 /* Icon@2x.png */,
				B4BA67A11628265F00AE4948 /* Icon.png */,
			);
			name = Icons;
			sourceTree = "<group>";
		};
		B4BA67B7162827E700AE4948 /* Launchimages */ = {
			isa = PBXGroup;
			children = (
				B4BA67B8162828A200AE4948 /* Default-568h@2x.png */,
				B4BA67B4162827C600AE4948 /* Default-Portrait@2x~ipad.png */,
				B4BA67B2162827BB00AE4948 /* Default-Landscape@2x~ipad.png */,
				B4BA67B0162827B300AE4948 /* Default-Portrait~ipad.png */,
				B4BA67AE1628279F00AE4948 /* Default-Landscape~ipad.png */,
				B4BA67AC1628275700AE4948 /* Default@2x.png */,
				B4BA67AA1628273900AE4948 /* Default.png */,
			);
			name = Launchimages;
			sourceTree = "<group>";
		};
/* End PBXGroup section */

/* Begin PBXNativeTarget section */
		B48F2F1815F9D55200F6F7A5 /* WiderstandRechner */ = {
			isa = PBXNativeTarget;
			buildConfigurationList = B48F2F4515F9D55200F6F7A5 /* Build configuration list for PBXNativeTarget "WiderstandRechner" */;
			buildPhases = (
				B48F2F1515F9D55200F6F7A5 /* Sources */,
				B48F2F1615F9D55200F6F7A5 /* Frameworks */,
				B48F2F1715F9D55200F6F7A5 /* Resources */,
			);
			buildRules = (
			);
			dependencies = (
			);
			name = WiderstandRechner;
			productName = WiderstandScannerGit;
			productReference = B48F2F1915F9D55200F6F7A5 /* WiderstandRechner.app */;
			productType = "com.apple.product-type.application";
		};
/* End PBXNativeTarget section */

/* Begin PBXProject section */
		B48F2F1015F9D55200F6F7A5 /* Project object */ = {
			isa = PBXProject;
			attributes = {
				LastUpgradeCheck = 0460;
				ORGANIZATIONNAME = "HTL Hollabrunn";
			};
			buildConfigurationList = B48F2F1315F9D55200F6F7A5 /* Build configuration list for PBXProject "WiderstandRechner" */;
			compatibilityVersion = "Xcode 3.2";
			developmentRegion = English;
			hasScannedForEncodings = 0;
			knownRegions = (
				en,
				de,
			);
			mainGroup = B48F2F0E15F9D55200F6F7A5;
			productRefGroup = B48F2F1A15F9D55200F6F7A5 /* Products */;
			projectDirPath = "";
			projectRoot = "";
			targets = (
				B48F2F1815F9D55200F6F7A5 /* WiderstandRechner */,
			);
		};
/* End PBXProject section */

/* Begin PBXResourcesBuildPhase section */
		B48F2F1715F9D55200F6F7A5 /* Resources */ = {
			isa = PBXResourcesBuildPhase;
			buildActionMask = 2147483647;
			files = (
				B48F2F2815F9D55200F6F7A5 /* InfoPlist.strings in Resources */,
				B48F2F3115F9D55200F6F7A5 /* MainStoryboard_iPhone.storyboard in Resources */,
				B48F2F3415F9D55200F6F7A5 /* MainStoryboard_iPad.storyboard in Resources */,
				B48F2F5515FA02B300F6F7A5 /* widerstand.png in Resources */,
				B4D9C43415FA3A1800448A28 /* README.md in Resources */,
				B4F0816A1627ED7E001E884B /* Localizable.strings in Resources */,
				B4BA67A21628265F00AE4948 /* Icon.png in Resources */,
				B4BA67A51628266B00AE4948 /* Icon@2x.png in Resources */,
				B4BA67A71628268200AE4948 /* Icon-72.png in Resources */,
				B4BA67A91628268400AE4948 /* Icon-72@2x.png in Resources */,
				B4BA67AB1628273900AE4948 /* Default.png in Resources */,
				B4BA67AD1628275700AE4948 /* Default@2x.png in Resources */,
				B4BA67AF1628279F00AE4948 /* Default-Landscape~ipad.png in Resources */,
				B4BA67B1162827B300AE4948 /* Default-Portrait~ipad.png in Resources */,
				B4BA67B3162827BB00AE4948 /* Default-Landscape@2x~ipad.png in Resources */,
				B4BA67B5162827C600AE4948 /* Default-Portrait@2x~ipad.png in Resources */,
				B4BA67B9162828A200AE4948 /* Default-568h@2x.png in Resources */,
				B457DF761631444700011C67 /* cms-1.gif in Resources */,
				B43A08E716A4AA1E00E29718 /* widerstand 2.png in Resources */,
			);
			runOnlyForDeploymentPostprocessing = 0;
		};
/* End PBXResourcesBuildPhase section */

/* Begin PBXSourcesBuildPhase section */
		B48F2F1515F9D55200F6F7A5 /* Sources */ = {
			isa = PBXSourcesBuildPhase;
			buildActionMask = 2147483647;
			files = (
				B48F2F2A15F9D55200F6F7A5 /* main.m in Sources */,
				B48F2F2E15F9D55200F6F7A5 /* AppDelegate.m in Sources */,
				B4F081651627EAAE001E884B /* ThirdViewController.m in Sources */,
			);
			runOnlyForDeploymentPostprocessing = 0;
		};
/* End PBXSourcesBuildPhase section */

/* Begin PBXVariantGroup section */
		B48F2F2615F9D55200F6F7A5 /* InfoPlist.strings */ = {
			isa = PBXVariantGroup;
			children = (
				B48F2F2715F9D55200F6F7A5 /* en */,
				B4EF3710162739E500C13A9E /* de */,
			);
			name = InfoPlist.strings;
			sourceTree = "<group>";
		};
		B48F2F2F15F9D55200F6F7A5 /* MainStoryboard_iPhone.storyboard */ = {
			isa = PBXVariantGroup;
			children = (
				B48F2F3015F9D55200F6F7A5 /* en */,
				B4EF370E162739E500C13A9E /* de */,
			);
			name = MainStoryboard_iPhone.storyboard;
			sourceTree = "<group>";
		};
		B48F2F3215F9D55200F6F7A5 /* MainStoryboard_iPad.storyboard */ = {
			isa = PBXVariantGroup;
			children = (
				B48F2F3315F9D55200F6F7A5 /* en */,
				B4EF370F162739E500C13A9E /* de */,
			);
			name = MainStoryboard_iPad.storyboard;
			sourceTree = "<group>";
		};
		B4F0816C1627ED7E001E884B /* Localizable.strings */ = {
			isa = PBXVariantGroup;
			children = (
				B4F0816B1627ED7E001E884B /* de */,
				B4F0816D1627ED82001E884B /* en */,
			);
			name = Localizable.strings;
			sourceTree = "<group>";
		};
/* End PBXVariantGroup section */

/* Begin XCBuildConfiguration section */
		B48F2F4315F9D55200F6F7A5 /* Debug */ = {
			isa = XCBuildConfiguration;
			buildSettings = {
				ALWAYS_SEARCH_USER_PATHS = NO;
				ARCHS = "$(ARCHS_STANDARD_32_BIT)";
				CLANG_CXX_LANGUAGE_STANDARD = "gnu++0x";
				CLANG_ENABLE_OBJC_ARC = YES;
				CLANG_WARN_CONSTANT_CONVERSION = YES;
				CLANG_WARN_ENUM_CONVERSION = YES;
				CLANG_WARN_INT_CONVERSION = YES;
				CLANG_WARN__DUPLICATE_METHOD_MATCH = YES;
				CODE_SIGN_IDENTITY = "iPhone Developer";
				"CODE_SIGN_IDENTITY[sdk=iphoneos*]" = "iPhone Developer";
				COPY_PHASE_STRIP = NO;
				GCC_C_LANGUAGE_STANDARD = gnu99;
				GCC_DYNAMIC_NO_PIC = NO;
				GCC_OPTIMIZATION_LEVEL = 0;
				GCC_PREPROCESSOR_DEFINITIONS = (
					"DEBUG=1",
					"$(inherited)",
				);
				GCC_SYMBOLS_PRIVATE_EXTERN = NO;
				GCC_VERSION = com.apple.compilers.llvm.clang.1_0;
				GCC_WARN_ABOUT_RETURN_TYPE = YES;
				GCC_WARN_UNINITIALIZED_AUTOS = YES;
				GCC_WARN_UNUSED_VARIABLE = YES;
				IPHONEOS_DEPLOYMENT_TARGET = 5.1;
				PROVISIONING_PROFILE = "";
				"PROVISIONING_PROFILE[sdk=iphoneos*]" = "";
				SDKROOT = iphoneos;
				TARGETED_DEVICE_FAMILY = "1,2";
			};
			name = Debug;
		};
		B48F2F4415F9D55200F6F7A5 /* Release */ = {
			isa = XCBuildConfiguration;
			buildSettings = {
				ALWAYS_SEARCH_USER_PATHS = NO;
				ARCHS = "$(ARCHS_STANDARD_32_BIT)";
				CLANG_CXX_LANGUAGE_STANDARD = "gnu++0x";
				CLANG_ENABLE_OBJC_ARC = YES;
				CLANG_WARN_CONSTANT_CONVERSION = YES;
				CLANG_WARN_ENUM_CONVERSION = YES;
				CLANG_WARN_INT_CONVERSION = YES;
				CLANG_WARN__DUPLICATE_METHOD_MATCH = YES;
				CODE_SIGN_IDENTITY = "iPhone Developer";
				"CODE_SIGN_IDENTITY[sdk=iphoneos*]" = "iPhone Developer";
				COPY_PHASE_STRIP = YES;
				GCC_C_LANGUAGE_STANDARD = gnu99;
				GCC_VERSION = com.apple.compilers.llvm.clang.1_0;
				GCC_WARN_ABOUT_RETURN_TYPE = YES;
				GCC_WARN_UNINITIALIZED_AUTOS = YES;
				GCC_WARN_UNUSED_VARIABLE = YES;
				IPHONEOS_DEPLOYMENT_TARGET = 5.1;
				OTHER_CFLAGS = "-DNS_BLOCK_ASSERTIONS=1";
				PROVISIONING_PROFILE = "";
				"PROVISIONING_PROFILE[sdk=iphoneos*]" = "";
				SDKROOT = iphoneos;
				TARGETED_DEVICE_FAMILY = "1,2";
				VALIDATE_PRODUCT = YES;
			};
			name = Release;
		};
		B48F2F4615F9D55200F6F7A5 /* Debug */ = {
			isa = XCBuildConfiguration;
			buildSettings = {
				GCC_PRECOMPILE_PREFIX_HEADER = YES;
				GCC_PREFIX_HEADER = "WiderstandScannerGit/WiderstandRechner-Prefix.pch";
				INFOPLIST_FILE = "WiderstandScannerGit/WiderstandRechner-Info.plist";
				PRODUCT_NAME = WiderstandRechner;
				WRAPPER_EXTENSION = app;
			};
			name = Debug;
		};
		B48F2F4715F9D55200F6F7A5 /* Release */ = {
			isa = XCBuildConfiguration;
			buildSettings = {
				GCC_PRECOMPILE_PREFIX_HEADER = YES;
				GCC_PREFIX_HEADER = "WiderstandScannerGit/WiderstandRechner-Prefix.pch";
				INFOPLIST_FILE = "WiderstandScannerGit/WiderstandRechner-Info.plist";
				PRODUCT_NAME = WiderstandRechner;
				WRAPPER_EXTENSION = app;
			};
			name = Release;
		};
/* End XCBuildConfiguration section */

/* Begin XCConfigurationList section */
		B48F2F1315F9D55200F6F7A5 /* Build configuration list for PBXProject "WiderstandRechner" */ = {
			isa = XCConfigurationList;
			buildConfigurations = (
				B48F2F4315F9D55200F6F7A5 /* Debug */,
				B48F2F4415F9D55200F6F7A5 /* Release */,
			);
			defaultConfigurationIsVisible = 0;
			defaultConfigurationName = Release;
		};
		B48F2F4515F9D55200F6F7A5 /* Build configuration list for PBXNativeTarget "WiderstandRechner" */ = {
			isa = XCConfigurationList;
			buildConfigurations = (
				B48F2F4615F9D55200F6F7A5 /* Debug */,
				B48F2F4715F9D55200F6F7A5 /* Release */,
			);
			defaultConfigurationIsVisible = 0;
			defaultConfigurationName = Release;
		};
/* End XCConfigurationList section */
	};
	rootObject = B48F2F1015F9D55200F6F7A5 /* Project object */;
}
